PODS:
  - CouchbaseLite-Swift (2.0.0)
  - Flutter (1.0.0)
  - fluttercouch (0.0.1):
    - CouchbaseLite-Swift (~> 2.0.0)
    - Flutter

DEPENDENCIES:
  - Flutter (from `Pods/.symlinks/flutter/ios-release`)
  - fluttercouch (from `Pods/.symlinks/plugins/fluttercouch/ios`)

EXTERNAL SOURCES:
  Flutter:
    :path: Pods/.symlinks/flutter/ios-release
  fluttercouch:
    :path: Pods/.symlinks/plugins/fluttercouch/ios

SPEC CHECKSUMS:
  CouchbaseLite-Swift: 65eb503cb7ce3defa14d8d9d50b0b691b0207dc5
  Flutter: 9d0fac939486c9aba2809b7982dfdbb47a7b0296
  fluttercouch: f0ef36650c348ce44a7279677661134970746b48

PODFILE CHECKSUM: 053181c8a81f9b75918d2db7970ec1688a41211a

COCOAPODS: 1.4.0
